
Microsoft Visual Studio Solution File, Format Version 12.00
# Visual Studio Version 17
VisualStudioVersion = 17.7.34031.279
MinimumVisualStudioVersion = 10.0.40219.1
Project("{FAE04EC0-301F-11D3-BF4B-00C04F79EFBC}") = "Delegates", "Delegates\Delegates.csproj", "{EE44E6D5-B8C6-484C-9271-A6BD1EC3CA8E}"
EndProject
Global
	GlobalSection(SolutionConfigurationPlatforms) = preSolution
		Debug|Any CPU = Debug|Any CPU
		Release|Any CPU = Release|Any CPU
	EndGlobalSection
	GlobalSection(ProjectConfigurationPlatforms) = postSolution
		{EE44E6D5-B8C6-484C-9271-A6BD1EC3CA8E}.Debug|Any CPU.ActiveCfg = Debug|Any CPU
		{EE44E6D5-B8C6-484C-9271-A6BD1EC3CA8E}.Debug|Any CPU.Build.0 = Debug|Any CPU
		{EE44E6D5-B8C6-484C-9271-A6BD1EC3CA8E}.Release|Any CPU.ActiveCfg = Release|Any CPU
		{EE44E6D5-B8C6-484C-9271-A6BD1EC3CA8E}.Release|Any CPU.Build.0 = Release|Any CPU
	EndGlobalSection
	GlobalSection(SolutionProperties) = preSolution
		HideSolutionNode = FALSE
	EndGlobalSection
	GlobalSection(ExtensibilityGlobals) = postSolution
		SolutionGuid = {BF7383BD-29DD-435E-9175-5EDA19A10B15}
	EndGlobalSection
EndGlobal
